
Microsoft Visual Studio Solution File, Format Version 11.00
# Visual Studio 2010
Project("{FAE04EC0-301F-11D3-BF4B-00C04F79EFBC}") = "hLogNG", "hLogNG\hLogNG.csproj", "{02E34111-034D-453B-A9B3-CCFDD4FC05A5}"
EndProject
Global
	GlobalSection(SolutionConfigurationPlatforms) = preSolution
		Debug|x86 = Debug|x86
		Release|x86 = Release|x86
		Debug|Any CPU = Debug|Any CPU
		Release|Any CPU = Release|Any CPU
	EndGlobalSection
	GlobalSection(ProjectConfigurationPlatforms) = postSolution
		{02E34111-034D-453B-A9B3-CCFDD4FC05A5}.Debug|Any CPU.ActiveCfg = Debug|Any CPU
		{02E34111-034D-453B-A9B3-CCFDD4FC05A5}.Debug|Any CPU.Build.0 = Debug|Any CPU
		{02E34111-034D-453B-A9B3-CCFDD4FC05A5}.Release|Any CPU.ActiveCfg = Release|Any CPU
		{02E34111-034D-453B-A9B3-CCFDD4FC05A5}.Release|Any CPU.Build.0 = Release|Any CPU
	EndGlobalSection
	GlobalSection(MonoDevelopProperties) = preSolution
		StartupItem = hLogNG\hLogNG.csproj
		Policies = $0
		$0.DotNetNamingPolicy = $1
		$1.DirectoryNamespaceAssociation = PrefixedHierarchical
		$0.StandardHeader = $2
	EndGlobalSection
EndGlobal
